
Microsoft Visual Studio Solution File, Format Version 12.00
# Visual Studio 15
VisualStudioVersion = 15.0.27703.2042
MinimumVisualStudioVersion = 10.0.40219.1
Project("{FAE04EC0-301F-11D3-BF4B-00C04F79EFBC}") = "CarRentalBusiness(FD)", "CarRentalBusiness(FD)\CarRentalBusiness(FD).csproj", "{044C31AA-5AC1-4035-8B74-BC78E8C1794A}"
EndProject
Global
	GlobalSection(SolutionConfigurationPlatforms) = preSolution
		Debug|Any CPU = Debug|Any CPU
		Release|Any CPU = Release|Any CPU
	EndGlobalSection
	GlobalSection(ProjectConfigurationPlatforms) = postSolution
		{044C31AA-5AC1-4035-8B74-BC78E8C1794A}.Debug|Any CPU.ActiveCfg = Debug|Any CPU
		{044C31AA-5AC1-4035-8B74-BC78E8C1794A}.Debug|Any CPU.Build.0 = Debug|Any CPU
		{044C31AA-5AC1-4035-8B74-BC78E8C1794A}.Release|Any CPU.ActiveCfg = Release|Any CPU
		{044C31AA-5AC1-4035-8B74-BC78E8C1794A}.Release|Any CPU.Build.0 = Release|Any CPU
	EndGlobalSection
	GlobalSection(SolutionProperties) = preSolution
		HideSolutionNode = FALSE
	EndGlobalSection
	GlobalSection(ExtensibilityGlobals) = postSolution
		SolutionGuid = {1CDBFA0F-3D65-4C33-AD9F-2BB8D82F76FB}
	EndGlobalSection
EndGlobal
